{
  "name": "smart_contracts",
  "version": "1.0.0",
  "lockfileVersion": 3,
  "requires": true,
  "packages": {
    "": {
      "name": "smart_contracts",
      "version": "1.0.0",
      "license": "ISC",
      "dependencies": {
        "@openzeppelin/contracts": "^5.0.2",
        "rustup": "^1.0.10"
      }
    },
    "node_modules/@openzeppelin/contracts": {
      "version": "5.0.2",
      "resolved": "https://registry.npmjs.org/@openzeppelin/contracts/-/contracts-5.0.2.tgz",
      "integrity": "sha512-ytPc6eLGcHHnapAZ9S+5qsdomhjo6QBHTDRRBFfTxXIpsicMhVPouPgmUPebZZZGX7vt9USA+Z+0M0dSVtSUEA==",
      "license": "MIT"
    },
    "node_modules/rustup": {
      "version": "1.0.10",
      "resolved": "https://registry.npmjs.org/rustup/-/rustup-1.0.10.tgz",
      "integrity": "sha512-PnUuHNrwRLQwld4Ha2uiO1wAi+8EYHNebXQlCtgI9pUpP+FLtnL79jAYpa3PvtWBDVZi54CK1I9pnUiR7yKYsQ==",
      "license": "MIT",
      "bin": {
        "cargo": "rustup",
        "cargo-clippy": "rustup",
        "cargo-fmt": "rustup",
        "cargo-miri": "rustup",
        "clippy-driver": "rustup",
        "rls": "rustup",
        "rust-gdb": "rustup",
        "rust-gdbgui": "rustup",
        "rust-lldb": "rustup",
        "rustc": "rustup",
        "rustdoc": "rustup",
        "rustfmt": "rustup",
        "rustup": "rustup",
        "rustup-init": "rustup-init"
      }
    }
  }
}
